
Microsoft Visual Studio Solution File, Format Version 12.00
# Visual Studio Version 16
VisualStudioVersion = 16.0.31105.61
MinimumVisualStudioVersion = 10.0.40219.1
Project("{FAE04EC0-301F-11D3-BF4B-00C04F79EFBC}") = "HomePageOnGithub", "HomePageOnGithub.csproj", "{75E90F95-D3C2-4F64-B425-C0F49B92A54F}"
EndProject
Global
	GlobalSection(SolutionConfigurationPlatforms) = preSolution
		Debug|Any CPU = Debug|Any CPU
		Release|Any CPU = Release|Any CPU
	EndGlobalSection
	GlobalSection(ProjectConfigurationPlatforms) = postSolution
		{75E90F95-D3C2-4F64-B425-C0F49B92A54F}.Debug|Any CPU.ActiveCfg = Debug|Any CPU
		{75E90F95-D3C2-4F64-B425-C0F49B92A54F}.Debug|Any CPU.Build.0 = Debug|Any CPU
		{75E90F95-D3C2-4F64-B425-C0F49B92A54F}.Release|Any CPU.ActiveCfg = Release|Any CPU
		{75E90F95-D3C2-4F64-B425-C0F49B92A54F}.Release|Any CPU.Build.0 = Release|Any CPU
	EndGlobalSection
	GlobalSection(SolutionProperties) = preSolution
		HideSolutionNode = FALSE
	EndGlobalSection
	GlobalSection(ExtensibilityGlobals) = postSolution
		SolutionGuid = {B2D6D24D-A966-4E6D-A015-A1E61242873A}
	EndGlobalSection
EndGlobal
